
Microsoft Visual Studio Solution File, Format Version 12.00
# Visual Studio Version 17
VisualStudioVersion = 17.14.36414.22
MinimumVisualStudioVersion = 10.0.40219.1
Project("{FAE04EC0-301F-11D3-BF4B-00C04F79EFBC}") = "CalculatorApi", "CalculatorApi\CalculatorApi.csproj", "{2F4A1367-E8DD-4690-B6CF-93E6F334227B}"
EndProject
Project("{FAE04EC0-301F-11D3-BF4B-00C04F79EFBC}") = "CalculatorFrontend", "CalculatorFrontend\CalculatorFrontend.csproj", "{1795DB58-B6DB-4C41-8BD3-ABB6759C3E40}"
EndProject
Global
	GlobalSection(SolutionConfigurationPlatforms) = preSolution
		Debug|Any CPU = Debug|Any CPU
		Release|Any CPU = Release|Any CPU
	EndGlobalSection
	GlobalSection(ProjectConfigurationPlatforms) = postSolution
		{2F4A1367-E8DD-4690-B6CF-93E6F334227B}.Debug|Any CPU.ActiveCfg = Debug|Any CPU
		{2F4A1367-E8DD-4690-B6CF-93E6F334227B}.Debug|Any CPU.Build.0 = Debug|Any CPU
		{2F4A1367-E8DD-4690-B6CF-93E6F334227B}.Release|Any CPU.ActiveCfg = Release|Any CPU
		{2F4A1367-E8DD-4690-B6CF-93E6F334227B}.Release|Any CPU.Build.0 = Release|Any CPU
		{1795DB58-B6DB-4C41-8BD3-ABB6759C3E40}.Debug|Any CPU.ActiveCfg = Debug|Any CPU
		{1795DB58-B6DB-4C41-8BD3-ABB6759C3E40}.Debug|Any CPU.Build.0 = Debug|Any CPU
		{1795DB58-B6DB-4C41-8BD3-ABB6759C3E40}.Release|Any CPU.ActiveCfg = Release|Any CPU
		{1795DB58-B6DB-4C41-8BD3-ABB6759C3E40}.Release|Any CPU.Build.0 = Release|Any CPU
	EndGlobalSection
	GlobalSection(SolutionProperties) = preSolution
		HideSolutionNode = FALSE
	EndGlobalSection
	GlobalSection(ExtensibilityGlobals) = postSolution
		SolutionGuid = {933D9D60-B416-47EE-BC46-626F334DF776}
	EndGlobalSection
EndGlobal
